
Microsoft Visual Studio Solution File, Format Version 12.00
# Visual Studio Version 17
VisualStudioVersion = 17.7.34031.279
MinimumVisualStudioVersion = 10.0.40219.1
Project("{FAE04EC0-301F-11D3-BF4B-00C04F79EFBC}") = "Zamilov_T_R_Hometask_21.10.23", "Zamilov_T_R_Hometask_21.10.23\Zamilov_T_R_Hometask_21.10.23.csproj", "{B61E1F20-C035-43B5-8DC6-C63B7BF6503C}"
EndProject
Global
	GlobalSection(SolutionConfigurationPlatforms) = preSolution
		Debug|Any CPU = Debug|Any CPU
		Release|Any CPU = Release|Any CPU
	EndGlobalSection
	GlobalSection(ProjectConfigurationPlatforms) = postSolution
		{B61E1F20-C035-43B5-8DC6-C63B7BF6503C}.Debug|Any CPU.ActiveCfg = Debug|Any CPU
		{B61E1F20-C035-43B5-8DC6-C63B7BF6503C}.Debug|Any CPU.Build.0 = Debug|Any CPU
		{B61E1F20-C035-43B5-8DC6-C63B7BF6503C}.Release|Any CPU.ActiveCfg = Release|Any CPU
		{B61E1F20-C035-43B5-8DC6-C63B7BF6503C}.Release|Any CPU.Build.0 = Release|Any CPU
	EndGlobalSection
	GlobalSection(SolutionProperties) = preSolution
		HideSolutionNode = FALSE
	EndGlobalSection
	GlobalSection(ExtensibilityGlobals) = postSolution
		SolutionGuid = {E1F0CE22-258D-4644-8626-D8CF0DC414D8}
	EndGlobalSection
EndGlobal
